
Microsoft Visual Studio Solution File, Format Version 12.00
# Visual Studio Version 17
VisualStudioVersion = 17.14.36119.2 d17.14
MinimumVisualStudioVersion = 10.0.40219.1
Project("{FAE04EC0-301F-11D3-BF4B-00C04F79EFBC}") = "EJERCICIO DIAGNOSTICO 1", "EJERCICIO DIAGNOSTICO 1.csproj", "{C854630F-C0C9-4379-B29A-9EC843148CCB}"
EndProject
Global
	GlobalSection(SolutionConfigurationPlatforms) = preSolution
		Debug|Any CPU = Debug|Any CPU
		Release|Any CPU = Release|Any CPU
	EndGlobalSection
	GlobalSection(ProjectConfigurationPlatforms) = postSolution
		{C854630F-C0C9-4379-B29A-9EC843148CCB}.Debug|Any CPU.ActiveCfg = Debug|Any CPU
		{C854630F-C0C9-4379-B29A-9EC843148CCB}.Debug|Any CPU.Build.0 = Debug|Any CPU
		{C854630F-C0C9-4379-B29A-9EC843148CCB}.Release|Any CPU.ActiveCfg = Release|Any CPU
		{C854630F-C0C9-4379-B29A-9EC843148CCB}.Release|Any CPU.Build.0 = Release|Any CPU
	EndGlobalSection
	GlobalSection(SolutionProperties) = preSolution
		HideSolutionNode = FALSE
	EndGlobalSection
	GlobalSection(ExtensibilityGlobals) = postSolution
		SolutionGuid = {D7784B67-65DA-4AD9-8ECC-5F53BA049BE1}
	EndGlobalSection
EndGlobal
